<?xml version="1.0" encoding="utf-8"?>
<Project ToolsVersion="4.0" xmlns="http://schemas.microsoft.com/developer/msbuild/2003">
  <ItemGroup>
    <Filter Include="Source Files">
      <UniqueIdentifier>{4FC737F1-C7A5-4376-A066-2A32D752A2FF}</UniqueIdentifier>
      <Extensions>cpp;c;cc;cxx;def;odl;idl;hpj;bat;asm;asmx</Extensions>
    </Filter>
    <Filter Include="Header Files">
      <UniqueIdentifier>{93995380-89BD-4b04-88EB-625FBE52EBFB}</UniqueIdentifier>
      <Extensions>h;hpp;hxx;hm;inl;inc;xsd</Extensions>
    </Filter>
    <Filter Include="Resource Files">
      <UniqueIdentifier>{67DA6AB6-F800-4c08-8B7A-83BB121AAD01}</UniqueIdentifier>
      <Extensions>rc;ico;cur;bmp;dlg;rc2;rct;bin;rgs;gif;jpg;jpeg;jpe;resx;tiff;tif;png;wav;mfcribbon-ms</Extensions>
    </Filter>
    <Filter Include="MEL Scripts">
      <UniqueIdentifier>{cb9a0395-b73e-4a99-a11d-e7105132242b}</UniqueIdentifier>
      <Extensions>mel;</Extensions>
    </Filter>
    <Filter Include="Samples">
      <UniqueIdentifier>{df5d35f9-5b23-4304-82e6-d44d4b7d41ad}</UniqueIdentifier>
    </Filter>
  </ItemGroup>
  <ItemGroup>
    <ClInclude Include="StdAfx.h">
      <Filter>Header Files</Filter>
    </ClInclude>
    <ClInclude Include="mayaHeaders.h">
      <Filter>Header Files</Filter>
    </ClInclude>
    <ClInclude Include="Resource.h">
      <Filter>Header Files</Filter>
    </ClInclude>
    <ClInclude Include="cubeLocator.h">
      <Filter>Header Files</Filter>
    </ClInclude>
    <ClInclude Include="ovalLocator.h">
      <Filter>Header Files</Filter>
    </ClInclude>
    <ClInclude Include="sphereLocator.h">
      <Filter>Header Files</Filter>
    </ClInclude>
    <ClInclude Include="squareLocator.h">
      <Filter>Header Files</Filter>
    </ClInclude>
    <ClInclude Include="LocatorLibCmd.h">
      <Filter>Header Files</Filter>
    </ClInclude>
    <ClInclude Include="LocatorLibBase.h">
      <Filter>Header Files</Filter>
    </ClInclude>
    <ClInclude Include="Shape.h">
      <Filter>Header Files</Filter>
    </ClInclude>
    <ClInclude Include="customLocator.h">
      <Filter>Header Files</Filter>
    </ClInclude>
  </ItemGroup>
  <ItemGroup>
    <ClCompile Include="StdAfx.cpp">
      <Filter>Source Files</Filter>
    </ClCompile>
    <ClCompile Include="LocatorLib.cpp">
      <Filter>Source Files</Filter>
    </ClCompile>
    <ClCompile Include="cubeLocator.cpp">
      <Filter>Source Files</Filter>
    </ClCompile>
    <ClCompile Include="ovalLocator.cpp">
      <Filter>Source Files</Filter>
    </ClCompile>
    <ClCompile Include="sphereLocator.cpp">
      <Filter>Source Files</Filter>
    </ClCompile>
    <ClCompile Include="squareLocator.cpp">
      <Filter>Source Files</Filter>
    </ClCompile>
    <ClCompile Include="LocatorLibCmd.cpp">
      <Filter>Source Files</Filter>
    </ClCompile>
    <ClCompile Include="LocatorLibBase.cpp">
      <Filter>Source Files</Filter>
    </ClCompile>
    <ClCompile Include="Shape.cpp">
      <Filter>Source Files</Filter>
    </ClCompile>
    <ClCompile Include="customLocator.cpp">
      <Filter>Source Files</Filter>
    </ClCompile>
  </ItemGroup>
  <ItemGroup>
    <ResourceCompile Include="Root.rc">
      <Filter>Resource Files</Filter>
    </ResourceCompile>
  </ItemGroup>
  <ItemGroup>
    <None Include="..\BuildMe.txt" />
    <None Include="pyramid.txt">
      <Filter>Samples</Filter>
    </None>
    <None Include="shape.txt">
      <Filter>Samples</Filter>
    </None>
    <None Include="..\..\scripts\AEcubeLocatorTemplate.mel">
      <Filter>MEL Scripts</Filter>
    </None>
    <None Include="..\..\scripts\AEcustomLocatorTemplate.mel">
      <Filter>MEL Scripts</Filter>
    </None>
    <None Include="..\..\scripts\AEovalLocatorTemplate.mel">
      <Filter>MEL Scripts</Filter>
    </None>
    <None Include="..\..\scripts\AEsphereLocatorTemplate.mel">
      <Filter>MEL Scripts</Filter>
    </None>
    <None Include="..\..\scripts\AEsquareLocatorTemplate.mel">
      <Filter>MEL Scripts</Filter>
    </None>
    <None Include="..\..\README.md" />
    <None Include="..\..\LocatorLib.mod" />
  </ItemGroup>
</Project>