<?xml version="1.0" encoding="utf-8"?>
<Project ToolsVersion="4.0" xmlns="http://schemas.microsoft.com/developer/msbuild/2003">
  <ItemGroup>
    <ClCompile Include="cubeLocator.cpp">
      <Filter>Source Files</Filter>
    </ClCompile>
    <ClCompile Include="customLocator.cpp">
      <Filter>Source Files</Filter>
    </ClCompile>
    <ClCompile Include="LocatorLib.cpp">
      <Filter>Source Files</Filter>
    </ClCompile>
    <ClCompile Include="LocatorLibBase.cpp">
      <Filter>Source Files</Filter>
    </ClCompile>
    <ClCompile Include="LocatorLibCmd.cpp">
      <Filter>Source Files</Filter>
    </ClCompile>
    <ClCompile Include="ovalLocator.cpp">
      <Filter>Source Files</Filter>
    </ClCompile>
    <ClCompile Include="Shape.cpp">
      <Filter>Source Files</Filter>
    </ClCompile>
    <ClCompile Include="sphereLocator.cpp">
      <Filter>Source Files</Filter>
    </ClCompile>
    <ClCompile Include="squareLocator.cpp">
      <Filter>Source Files</Filter>
    </ClCompile>
    <ClCompile Include="StdAfx.cpp">
      <Filter>Source Files</Filter>
    </ClCompile>
  </ItemGroup>
  <ItemGroup>
    <ClInclude Include="customLocator.h">
      <Filter>Header Files</Filter>
    </ClInclude>
    <ClInclude Include="cubeLocator.h">
      <Filter>Header Files</Filter>
    </ClInclude>
    <ClInclude Include="LocatorLibCmd.h">
      <Filter>Header Files</Filter>
    </ClInclude>
    <ClInclude Include="LocatorLibBase.h">
      <Filter>Header Files</Filter>
    </ClInclude>
    <ClInclude Include="mayaHeaders.h">
      <Filter>Header Files</Filter>
    </ClInclude>
    <ClInclude Include="ovalLocator.h">
      <Filter>Header Files</Filter>
    </ClInclude>
    <ClInclude Include="Shape.h">
      <Filter>Header Files</Filter>
    </ClInclude>
    <ClInclude Include="sphereLocator.h">
      <Filter>Header Files</Filter>
    </ClInclude>
    <ClInclude Include="squareLocator.h">
      <Filter>Header Files</Filter>
    </ClInclude>
    <ClInclude Include="StdAfx.h">
      <Filter>Header Files</Filter>
    </ClInclude>
    <ClInclude Include="Resource.h">
      <Filter>Resource Files</Filter>
    </ClInclude>
  </ItemGroup>
  <ItemGroup>
    <None Include="..\BuildMe.txt" />
    <None Include="AEcubeLocatorTemplate.mel">
      <Filter>MEL Scripts</Filter>
    </None>
    <None Include="AEsquareLocatorTemplate.mel">
      <Filter>MEL Scripts</Filter>
    </None>
    <None Include="AEovalLocatorTemplate.mel">
      <Filter>MEL Scripts</Filter>
    </None>
    <None Include="AEcustomLocatorTemplate.mel">
      <Filter>MEL Scripts</Filter>
    </None>
    <None Include="AEsphereLocatorTemplate.mel">
      <Filter>MEL Scripts</Filter>
    </None>
    <None Include="pyramid.txt">
      <Filter>Samples</Filter>
    </None>
    <None Include="shape.txt">
      <Filter>Samples</Filter>
    </None>
    <None Include="LocatorLib.mod" />
    <None Include="..\ReadMe.txt" />
  </ItemGroup>
  <ItemGroup>
    <Filter Include="Header Files">
      <UniqueIdentifier>{70836e6b-f4c5-4aaf-bfae-2615347c9151}</UniqueIdentifier>
      <Extensions>h;hpp;hxx;hm;inl;inc;xsd</Extensions>
    </Filter>
    <Filter Include="Source Files">
      <UniqueIdentifier>{e6745db0-bad0-4796-bcb3-da2959cefe47}</UniqueIdentifier>
      <Extensions>cpp;c;cc;cxx;def;odl;idl;hpj;bat;asm;asmx</Extensions>
    </Filter>
    <Filter Include="Resource Files">
      <UniqueIdentifier>{de88a94b-08a1-4254-9d42-8ffe2e74b72c}</UniqueIdentifier>
      <Extensions>rc;ico;cur;bmp;dlg;rc2;rct;bin;rgs;gif;jpg;jpeg;jpe;resx;tiff;tif;png;wav;mfcribbon-ms</Extensions>
    </Filter>
    <Filter Include="MEL Scripts">
      <UniqueIdentifier>{42887074-643e-478a-95b9-910e6c46a14f}</UniqueIdentifier>
    </Filter>
    <Filter Include="Samples">
      <UniqueIdentifier>{a7540af5-5f91-466a-abd0-376e6000f336}</UniqueIdentifier>
    </Filter>
  </ItemGroup>
  <ItemGroup>
    <ResourceCompile Include="Root.rc">
      <Filter>Resource Files</Filter>
    </ResourceCompile>
  </ItemGroup>
</Project>