<?xml version="1.0" encoding="utf-8"?>
<Project ToolsVersion="4.0" xmlns="http://schemas.microsoft.com/developer/msbuild/2003">
  <ItemGroup>
    <ClCompile Include="cubeLocator.cpp">
      <Filter>Source Files</Filter>
    </ClCompile>
    <ClCompile Include="customLocator.cpp">
      <Filter>Source Files</Filter>
    </ClCompile>
    <ClCompile Include="LocatorLib.cpp">
      <Filter>Source Files</Filter>
    </ClCompile>
    <ClCompile Include="LocatorLibBase.cpp">
      <Filter>Source Files</Filter>
    </ClCompile>
    <ClCompile Include="LocatorLibCmd.cpp">
      <Filter>Source Files</Filter>
    </ClCompile>
    <ClCompile Include="ovalLocator.cpp">
      <Filter>Source Files</Filter>
    </ClCompile>
    <ClCompile Include="Shape.cpp">
      <Filter>Source Files</Filter>
    </ClCompile>
    <ClCompile Include="sphereLocator.cpp">
      <Filter>Source Files</Filter>
    </ClCompile>
    <ClCompile Include="squareLocator.cpp">
      <Filter>Source Files</Filter>
    </ClCompile>
    <ClCompile Include="StdAfx.cpp">
      <Filter>Source Files</Filter>
    </ClCompile>
  </ItemGroup>
  <ItemGroup>
    <ClInclude Include="customLocator.h">
      <Filter>Header Files</Filter>
    </ClInclude>
    <ClInclude Include="cubeLocator.h">
      <Filter>Header Files</Filter>
    </ClInclude>
    <ClInclude Include="LocatorLibCmd.h">
      <Filter>Header Files</Filter>
    </ClInclude>
    <ClInclude Include="LocatorLibBase.h">
      <Filter>Header Files</Filter>
    </ClInclude>
    <ClInclude Include="mayaHeaders.h">
      <Filter>Header Files</Filter>
    </ClInclude>
    <ClInclude Include="ovalLocator.h">
      <Filter>Header Files</Filter>
    </ClInclude>
    <ClInclude Include="Shape.h">
      <Filter>Header Files</Filter>
    </ClInclude>
    <ClInclude Include="sphereLocator.h">
      <Filter>Header Files</Filter>
    </ClInclude>
    <ClInclude Include="squareLocator.h">
      <Filter>Header Files</Filter>
    </ClInclude>
    <ClInclude Include="StdAfx.h">
      <Filter>Header Files</Filter>
    </ClInclude>
    <ClInclude Include="Resource.h">
      <Filter>Resource Files</Filter>
    </ClInclude>
  </ItemGroup>
  <ItemGroup>
    <None Include="..\BuildMe.txt" />
    <None Include="pyramid.txt">
      <Filter>Samples</Filter>
    </None>
    <None Include="shape.txt">
      <Filter>Samples</Filter>
    </None>
    <None Include="..\..\scripts\AEcubeLocatorTemplate.mel">
      <Filter>MEL Scripts</Filter>
    </None>
    <None Include="..\..\scripts\AEcustomLocatorTemplate.mel">
      <Filter>MEL Scripts</Filter>
    </None>
    <None Include="..\..\scripts\AEovalLocatorTemplate.mel">
      <Filter>MEL Scripts</Filter>
    </None>
    <None Include="..\..\scripts\AEsphereLocatorTemplate.mel">
      <Filter>MEL Scripts</Filter>
    </None>
    <None Include="..\..\scripts\AEsquareLocatorTemplate.mel">
      <Filter>MEL Scripts</Filter>
    </None>
    <None Include="..\..\README.md" />
    <None Include="..\..\LocatorLib.mod" />
  </ItemGroup>
  <ItemGroup>
    <Filter Include="Header Files">
      <UniqueIdentifier>{25E479F5-FB8D-4A33-8962-D79F9490F228}</UniqueIdentifier>
      <Extensions>h;hpp;hxx;hm;inl;inc;xsd</Extensions>
    </Filter>
    <Filter Include="Source Files">
      <UniqueIdentifier>{E0DB2589-2C03-4911-A0F3-139E90434EFD}</UniqueIdentifier>
      <Extensions>cpp;c;cc;cxx;def;odl;idl;hpj;bat;asm;asmx</Extensions>
    </Filter>
    <Filter Include="Resource Files">
      <UniqueIdentifier>{122F520C-49D9-4E1D-BC4C-C219182017F3}</UniqueIdentifier>
      <Extensions>rc;ico;cur;bmp;dlg;rc2;rct;bin;rgs;gif;jpg;jpeg;jpe;resx;tiff;tif;png;wav;mfcribbon-ms</Extensions>
    </Filter>
    <Filter Include="MEL Scripts">
      <UniqueIdentifier>{64F51C3B-144C-4972-8073-FBBDB043E8A2}</UniqueIdentifier>
    </Filter>
    <Filter Include="Samples">
      <UniqueIdentifier>{384D046C-8974-4C2E-9DAF-A2E588E81551}</UniqueIdentifier>
    </Filter>
  </ItemGroup>
  <ItemGroup>
    <ResourceCompile Include="Root.rc">
      <Filter>Resource Files</Filter>
    </ResourceCompile>
  </ItemGroup>
</Project>